
Microsoft Visual Studio Solution File, Format Version 12.00
# Visual Studio 2012
Project("{FAE04EC0-301F-11D3-BF4B-00C04F79EFBC}") = "AuctionBayWebApi", "AuctionBayWebApi\AuctionBayWebApi.csproj", "{E53ED2D5-F7D6-47B6-9DAF-E69B02C4D138}"
EndProject
Project("{FAE04EC0-301F-11D3-BF4B-00C04F79EFBC}") = "AuctionBay.DataModels", "AuctionBay.DataModels\AuctionBay.DataModels.csproj", "{7BB10E37-1D16-4532-9849-ED86D0A7085D}"
EndProject
Project("{FAE04EC0-301F-11D3-BF4B-00C04F79EFBC}") = "AuctionBay.DataLayer", "AuctionBay.DataLayer\AuctionBay.DataLayer.csproj", "{F2C4EC37-7A2E-49A7-8215-965C654DAAAD}"
EndProject
Global
	GlobalSection(TeamFoundationVersionControl) = preSolution
		SccNumberOfProjects = 4
		SccEnterpriseProvider = {4CA58AB2-18FA-4F8D-95D4-32DDF27D184C}
		SccTeamFoundationServer = https://tfs.codeplex.com/tfs/tfs37
		SccLocalPath0 = .
		SccProjectUniqueName1 = AuctionBay.DataLayer\\AuctionBay.DataLayer.csproj
		SccProjectName1 = AuctionBay.DataLayer
		SccLocalPath1 = AuctionBay.DataLayer
		SccProjectUniqueName2 = AuctionBay.DataModels\\AuctionBay.DataModels.csproj
		SccProjectName2 = AuctionBay.DataModels
		SccLocalPath2 = AuctionBay.DataModels
		SccProjectUniqueName3 = AuctionBayWebApi\\AuctionBayWebApi.csproj
		SccProjectName3 = AuctionBayWebApi
		SccLocalPath3 = AuctionBayWebApi
	EndGlobalSection
	GlobalSection(SolutionConfigurationPlatforms) = preSolution
		Debug|Any CPU = Debug|Any CPU
		Release|Any CPU = Release|Any CPU
	EndGlobalSection
	GlobalSection(ProjectConfigurationPlatforms) = postSolution
		{E53ED2D5-F7D6-47B6-9DAF-E69B02C4D138}.Debug|Any CPU.ActiveCfg = Debug|Any CPU
		{E53ED2D5-F7D6-47B6-9DAF-E69B02C4D138}.Debug|Any CPU.Build.0 = Debug|Any CPU
		{E53ED2D5-F7D6-47B6-9DAF-E69B02C4D138}.Release|Any CPU.ActiveCfg = Release|Any CPU
		{E53ED2D5-F7D6-47B6-9DAF-E69B02C4D138}.Release|Any CPU.Build.0 = Release|Any CPU
		{7BB10E37-1D16-4532-9849-ED86D0A7085D}.Debug|Any CPU.ActiveCfg = Debug|Any CPU
		{7BB10E37-1D16-4532-9849-ED86D0A7085D}.Debug|Any CPU.Build.0 = Debug|Any CPU
		{7BB10E37-1D16-4532-9849-ED86D0A7085D}.Release|Any CPU.ActiveCfg = Release|Any CPU
		{7BB10E37-1D16-4532-9849-ED86D0A7085D}.Release|Any CPU.Build.0 = Release|Any CPU
		{F2C4EC37-7A2E-49A7-8215-965C654DAAAD}.Debug|Any CPU.ActiveCfg = Debug|Any CPU
		{F2C4EC37-7A2E-49A7-8215-965C654DAAAD}.Debug|Any CPU.Build.0 = Debug|Any CPU
		{F2C4EC37-7A2E-49A7-8215-965C654DAAAD}.Release|Any CPU.ActiveCfg = Release|Any CPU
		{F2C4EC37-7A2E-49A7-8215-965C654DAAAD}.Release|Any CPU.Build.0 = Release|Any CPU
	EndGlobalSection
	GlobalSection(SolutionProperties) = preSolution
		HideSolutionNode = FALSE
	EndGlobalSection
EndGlobal
